// !$*UTF8*$!
{
	archiveVersion = 1;
	classes = {
	};
	objectVersion = 46;
	objects = {

/* Begin PBXBuildFile section */
		C100A8BCAC36B5B1C6937FFF /* libPods-incrementorTests.a in Frameworks */ = {isa = PBXBuildFile; fileRef = D076538781A1C24F7DB8A414 /* libPods-incrementorTests.a */; };
		CD3BC39C1F480905008F29D8 /* main.m in Sources */ = {isa = PBXBuildFile; fileRef = CD3BC39B1F480905008F29D8 /* main.m */; };
		CD3BC39F1F480905008F29D8 /* AppDelegate.m in Sources */ = {isa = PBXBuildFile; fileRef = CD3BC39E1F480905008F29D8 /* AppDelegate.m */; };
		CD3BC3A21F480905008F29D8 /* CounterViewController.m in Sources */ = {isa = PBXBuildFile; fileRef = CD3BC3A11F480905008F29D8 /* CounterViewController.m */; };
		CD3BC3A51F480905008F29D8 /* Main.storyboard in Resources */ = {isa = PBXBuildFile; fileRef = CD3BC3A31F480905008F29D8 /* Main.storyboard */; };
		CD3BC3A71F480905008F29D8 /* Assets.xcassets in Resources */ = {isa = PBXBuildFile; fileRef = CD3BC3A61F480905008F29D8 /* Assets.xcassets */; };
		CD3BC3C61F4866D3008F29D8 /* CounterSpecs.m in Sources */ = {isa = PBXBuildFile; fileRef = CD3BC3C51F4866D3008F29D8 /* CounterSpecs.m */; };
		CD5DB5581F4B402B00486035 /* Counter.m in Sources */ = {isa = PBXBuildFile; fileRef = CD3BC3CC1F4868E0008F29D8 /* Counter.m */; };
		CD5DB55A1F4B6EFF00486035 /* CounterViewControllerSpecs.m in Sources */ = {isa = PBXBuildFile; fileRef = CD5DB5591F4B6EFF00486035 /* CounterViewControllerSpecs.m */; };
		CD7B7BD91F4C31F100A68ECE /* LaunchScreen.storyboard in Resources */ = {isa = PBXBuildFile; fileRef = CD7B7BD71F4C31F100A68ECE /* LaunchScreen.storyboard */; };
/* End PBXBuildFile section */

/* Begin PBXContainerItemProxy section */
		CD3BC3B11F480905008F29D8 /* PBXContainerItemProxy */ = {
			isa = PBXContainerItemProxy;
			containerPortal = CD3BC38F1F480904008F29D8 /* Project object */;
			proxyType = 1;
			remoteGlobalIDString = CD3BC3961F480905008F29D8;
			remoteInfo = incrementor;
		};
/* End PBXContainerItemProxy section */

/* Begin PBXFileReference section */
		5BA0ED9C8E0C5A05ED45BBF3 /* Pods-incrementorTests.release.xcconfig */ = {isa = PBXFileReference; includeInIndex = 1; lastKnownFileType = text.xcconfig; name = "Pods-incrementorTests.release.xcconfig"; path = "Pods/Target Support Files/Pods-incrementorTests/Pods-incrementorTests.release.xcconfig"; sourceTree = "<group>"; };
		CA06E7E96D90E5BA6E468816 /* Pods-incrementorTests.debug.xcconfig */ = {isa = PBXFileReference; includeInIndex = 1; lastKnownFileType = text.xcconfig; name = "Pods-incrementorTests.debug.xcconfig"; path = "Pods/Target Support Files/Pods-incrementorTests/Pods-incrementorTests.debug.xcconfig"; sourceTree = "<group>"; };
		CD3BC3971F480905008F29D8 /* incrementor.app */ = {isa = PBXFileReference; explicitFileType = wrapper.application; includeInIndex = 0; path = incrementor.app; sourceTree = BUILT_PRODUCTS_DIR; };
		CD3BC39B1F480905008F29D8 /* main.m */ = {isa = PBXFileReference; lastKnownFileType = sourcecode.c.objc; path = main.m; sourceTree = "<group>"; };
		CD3BC39D1F480905008F29D8 /* AppDelegate.h */ = {isa = PBXFileReference; lastKnownFileType = sourcecode.c.h; path = AppDelegate.h; sourceTree = "<group>"; };
		CD3BC39E1F480905008F29D8 /* AppDelegate.m */ = {isa = PBXFileReference; lastKnownFileType = sourcecode.c.objc; path = AppDelegate.m; sourceTree = "<group>"; };
		CD3BC3A01F480905008F29D8 /* CounterViewController.h */ = {isa = PBXFileReference; lastKnownFileType = sourcecode.c.h; path = CounterViewController.h; sourceTree = "<group>"; };
		CD3BC3A11F480905008F29D8 /* CounterViewController.m */ = {isa = PBXFileReference; lastKnownFileType = sourcecode.c.objc; path = CounterViewController.m; sourceTree = "<group>"; };
		CD3BC3A41F480905008F29D8 /* Base */ = {isa = PBXFileReference; lastKnownFileType = file.storyboard; name = Base; path = Base.lproj/Main.storyboard; sourceTree = "<group>"; };
		CD3BC3A61F480905008F29D8 /* Assets.xcassets */ = {isa = PBXFileReference; lastKnownFileType = folder.assetcatalog; path = Assets.xcassets; sourceTree = "<group>"; };
		CD3BC3AB1F480905008F29D8 /* Info.plist */ = {isa = PBXFileReference; lastKnownFileType = text.plist.xml; path = Info.plist; sourceTree = "<group>"; };
		CD3BC3B01F480905008F29D8 /* incrementorTests.xctest */ = {isa = PBXFileReference; explicitFileType = wrapper.cfbundle; includeInIndex = 0; path = incrementorTests.xctest; sourceTree = BUILT_PRODUCTS_DIR; };
		CD3BC3B61F480905008F29D8 /* Info.plist */ = {isa = PBXFileReference; lastKnownFileType = text.plist.xml; path = Info.plist; sourceTree = "<group>"; };
		CD3BC3C51F4866D3008F29D8 /* CounterSpecs.m */ = {isa = PBXFileReference; fileEncoding = 4; lastKnownFileType = sourcecode.c.objc; path = CounterSpecs.m; sourceTree = "<group>"; };
		CD3BC3CB1F4868E0008F29D8 /* Counter.h */ = {isa = PBXFileReference; fileEncoding = 4; lastKnownFileType = sourcecode.c.h; path = Counter.h; sourceTree = "<group>"; };
		CD3BC3CC1F4868E0008F29D8 /* Counter.m */ = {isa = PBXFileReference; fileEncoding = 4; lastKnownFileType = sourcecode.c.objc; path = Counter.m; sourceTree = "<group>"; };
		CD5DB5591F4B6EFF00486035 /* CounterViewControllerSpecs.m */ = {isa = PBXFileReference; fileEncoding = 4; lastKnownFileType = sourcecode.c.objc; path = CounterViewControllerSpecs.m; sourceTree = "<group>"; };
		CD7B7BD81F4C31F100A68ECE /* Base */ = {isa = PBXFileReference; lastKnownFileType = file.storyboard; name = Base; path = Base.lproj/LaunchScreen.storyboard; sourceTree = "<group>"; };
		D076538781A1C24F7DB8A414 /* libPods-incrementorTests.a */ = {isa = PBXFileReference; explicitFileType = archive.ar; includeInIndex = 0; path = "libPods-incrementorTests.a"; sourceTree = BUILT_PRODUCTS_DIR; };
/* End PBXFileReference section */

/* Begin PBXFrameworksBuildPhase section */
		CD3BC3941F480905008F29D8 /* Frameworks */ = {
			isa = PBXFrameworksBuildPhase;
			buildActionMask = 2147483647;
			files = (
			);
			runOnlyForDeploymentPostprocessing = 0;
		};
		CD3BC3AD1F480905008F29D8 /* Frameworks */ = {
			isa = PBXFrameworksBuildPhase;
			buildActionMask = 2147483647;
			files = (
				C100A8BCAC36B5B1C6937FFF /* libPods-incrementorTests.a in Frameworks */,
			);
			runOnlyForDeploymentPostprocessing = 0;
		};
/* End PBXFrameworksBuildPhase section */

/* Begin PBXGroup section */
		88B51E67012D6C7BC0C06471 /* Frameworks */ = {
			isa = PBXGroup;
			children = (
				D076538781A1C24F7DB8A414 /* libPods-incrementorTests.a */,
			);
			name = Frameworks;
			sourceTree = "<group>";
		};
		CD3BC38E1F480904008F29D8 = {
			isa = PBXGroup;
			children = (
				88B51E67012D6C7BC0C06471 /* Frameworks */,
				CDE257BBA25EF369DC214C28 /* Pods */,
				CD3BC3981F480905008F29D8 /* Products */,
				CD3BC3991F480905008F29D8 /* incrementor */,
				CD3BC3B31F480905008F29D8 /* incrementorTests */,
			);
			sourceTree = "<group>";
		};
		CD3BC3981F480905008F29D8 /* Products */ = {
			isa = PBXGroup;
			children = (
				CD3BC3971F480905008F29D8 /* incrementor.app */,
				CD3BC3B01F480905008F29D8 /* incrementorTests.xctest */,
			);
			name = Products;
			sourceTree = "<group>";
		};
		CD3BC3991F480905008F29D8 /* incrementor */ = {
			isa = PBXGroup;
			children = (
				CD3BC3CA1F4868E0008F29D8 /* Model */,
				CD3BC39A1F480905008F29D8 /* Supporting Files */,
				CD3BC39D1F480905008F29D8 /* AppDelegate.h */,
				CD3BC39E1F480905008F29D8 /* AppDelegate.m */,
				CD3BC3A61F480905008F29D8 /* Assets.xcassets */,
				CD3BC3A01F480905008F29D8 /* CounterViewController.h */,
				CD3BC3A11F480905008F29D8 /* CounterViewController.m */,
				CD3BC3AB1F480905008F29D8 /* Info.plist */,
				CD7B7BD71F4C31F100A68ECE /* LaunchScreen.storyboard */,
				CD3BC3A31F480905008F29D8 /* Main.storyboard */,
			);
			path = incrementor;
			sourceTree = "<group>";
		};
		CD3BC39A1F480905008F29D8 /* Supporting Files */ = {
			isa = PBXGroup;
			children = (
				CD3BC39B1F480905008F29D8 /* main.m */,
			);
			path = "Supporting Files";
			sourceTree = "<group>";
		};
		CD3BC3B31F480905008F29D8 /* incrementorTests */ = {
			isa = PBXGroup;
			children = (
				CD3BC3C51F4866D3008F29D8 /* CounterSpecs.m */,
				CD5DB5591F4B6EFF00486035 /* CounterViewControllerSpecs.m */,
				CD3BC3B61F480905008F29D8 /* Info.plist */,
			);
			path = incrementorTests;
			sourceTree = "<group>";
		};
		CD3BC3CA1F4868E0008F29D8 /* Model */ = {
			isa = PBXGroup;
			children = (
				CD3BC3CB1F4868E0008F29D8 /* Counter.h */,
				CD3BC3CC1F4868E0008F29D8 /* Counter.m */,
			);
			path = Model;
			sourceTree = "<group>";
		};
		CDE257BBA25EF369DC214C28 /* Pods */ = {
			isa = PBXGroup;
			children = (
				CA06E7E96D90E5BA6E468816 /* Pods-incrementorTests.debug.xcconfig */,
				5BA0ED9C8E0C5A05ED45BBF3 /* Pods-incrementorTests.release.xcconfig */,
			);
			name = Pods;
			sourceTree = "<group>";
		};
/* End PBXGroup section */

/* Begin PBXNativeTarget section */
		CD3BC3961F480905008F29D8 /* incrementor */ = {
			isa = PBXNativeTarget;
			buildConfigurationList = CD3BC3B91F480905008F29D8 /* Build configuration list for PBXNativeTarget "incrementor" */;
			buildPhases = (
				CD3BC3931F480905008F29D8 /* Sources */,
				CD3BC3941F480905008F29D8 /* Frameworks */,
				CD3BC3951F480905008F29D8 /* Resources */,
			);
			buildRules = (
			);
			dependencies = (
			);
			name = incrementor;
			productName = incrementor;
			productReference = CD3BC3971F480905008F29D8 /* incrementor.app */;
			productType = "com.apple.product-type.application";
		};
		CD3BC3AF1F480905008F29D8 /* incrementorTests */ = {
			isa = PBXNativeTarget;
			buildConfigurationList = CD3BC3BC1F480905008F29D8 /* Build configuration list for PBXNativeTarget "incrementorTests" */;
			buildPhases = (
				FBA7C47270D48C4EDBFE3B3E /* [CP] Check Pods Manifest.lock */,
				CD3BC3AC1F480905008F29D8 /* Sources */,
				CD3BC3AD1F480905008F29D8 /* Frameworks */,
				CD3BC3AE1F480905008F29D8 /* Resources */,
				B859D04B3C5ADCA773804B11 /* [CP] Embed Pods Frameworks */,
				E9DA642B6F9EB34647CA1416 /* [CP] Copy Pods Resources */,
			);
			buildRules = (
			);
			dependencies = (
				CD3BC3B21F480905008F29D8 /* PBXTargetDependency */,
			);
			name = incrementorTests;
			productName = incrementorTests;
			productReference = CD3BC3B01F480905008F29D8 /* incrementorTests.xctest */;
			productType = "com.apple.product-type.bundle.unit-test";
		};
/* End PBXNativeTarget section */

/* Begin PBXProject section */
		CD3BC38F1F480904008F29D8 /* Project object */ = {
			isa = PBXProject;
			attributes = {
				LastUpgradeCheck = 0830;
				ORGANIZATIONNAME = "Paul Wasilenko";
				TargetAttributes = {
					CD3BC3961F480905008F29D8 = {
						CreatedOnToolsVersion = 8.3.3;
						DevelopmentTeam = SN623CU8P7;
						ProvisioningStyle = Automatic;
					};
					CD3BC3AF1F480905008F29D8 = {
						CreatedOnToolsVersion = 8.3.3;
						DevelopmentTeam = SN623CU8P7;
						ProvisioningStyle = Automatic;
						TestTargetID = CD3BC3961F480905008F29D8;
					};
				};
			};
			buildConfigurationList = CD3BC3921F480904008F29D8 /* Build configuration list for PBXProject "incrementor" */;
			compatibilityVersion = "Xcode 3.2";
			developmentRegion = English;
			hasScannedForEncodings = 0;
			knownRegions = (
				en,
				Base,
			);
			mainGroup = CD3BC38E1F480904008F29D8;
			productRefGroup = CD3BC3981F480905008F29D8 /* Products */;
			projectDirPath = "";
			projectRoot = "";
			targets = (
				CD3BC3961F480905008F29D8 /* incrementor */,
				CD3BC3AF1F480905008F29D8 /* incrementorTests */,
			);
		};
/* End PBXProject section */

/* Begin PBXResourcesBuildPhase section */
		CD3BC3951F480905008F29D8 /* Resources */ = {
			isa = PBXResourcesBuildPhase;
			buildActionMask = 2147483647;
			files = (
				CD7B7BD91F4C31F100A68ECE /* LaunchScreen.storyboard in Resources */,
				CD3BC3A71F480905008F29D8 /* Assets.xcassets in Resources */,
				CD3BC3A51F480905008F29D8 /* Main.storyboard in Resources */,
			);
			runOnlyForDeploymentPostprocessing = 0;
		};
		CD3BC3AE1F480905008F29D8 /* Resources */ = {
			isa = PBXResourcesBuildPhase;
			buildActionMask = 2147483647;
			files = (
			);
			runOnlyForDeploymentPostprocessing = 0;
		};
/* End PBXResourcesBuildPhase section */

/* Begin PBXShellScriptBuildPhase section */
		B859D04B3C5ADCA773804B11 /* [CP] Embed Pods Frameworks */ = {
			isa = PBXShellScriptBuildPhase;
			buildActionMask = 2147483647;
			files = (
			);
			inputPaths = (
			);
			name = "[CP] Embed Pods Frameworks";
			outputPaths = (
			);
			runOnlyForDeploymentPostprocessing = 0;
			shellPath = /bin/sh;
			shellScript = "\"${SRCROOT}/Pods/Target Support Files/Pods-incrementorTests/Pods-incrementorTests-frameworks.sh\"\n";
			showEnvVarsInLog = 0;
		};
		E9DA642B6F9EB34647CA1416 /* [CP] Copy Pods Resources */ = {
			isa = PBXShellScriptBuildPhase;
			buildActionMask = 2147483647;
			files = (
			);
			inputPaths = (
			);
			name = "[CP] Copy Pods Resources";
			outputPaths = (
			);
			runOnlyForDeploymentPostprocessing = 0;
			shellPath = /bin/sh;
			shellScript = "\"${SRCROOT}/Pods/Target Support Files/Pods-incrementorTests/Pods-incrementorTests-resources.sh\"\n";
			showEnvVarsInLog = 0;
		};
		FBA7C47270D48C4EDBFE3B3E /* [CP] Check Pods Manifest.lock */ = {
			isa = PBXShellScriptBuildPhase;
			buildActionMask = 2147483647;
			files = (
			);
			inputPaths = (
			);
			name = "[CP] Check Pods Manifest.lock";
			outputPaths = (
			);
			runOnlyForDeploymentPostprocessing = 0;
			shellPath = /bin/sh;
			shellScript = "diff \"${PODS_PODFILE_DIR_PATH}/Podfile.lock\" \"${PODS_ROOT}/Manifest.lock\" > /dev/null\nif [ $? != 0 ] ; then\n    # print error to STDERR\n    echo \"error: The sandbox is not in sync with the Podfile.lock. Run 'pod install' or update your CocoaPods installation.\" >&2\n    exit 1\nfi\n";
			showEnvVarsInLog = 0;
		};
/* End PBXShellScriptBuildPhase section */

/* Begin PBXSourcesBuildPhase section */
		CD3BC3931F480905008F29D8 /* Sources */ = {
			isa = PBXSourcesBuildPhase;
			buildActionMask = 2147483647;
			files = (
				CD5DB5581F4B402B00486035 /* Counter.m in Sources */,
				CD3BC3A21F480905008F29D8 /* CounterViewController.m in Sources */,
				CD3BC39F1F480905008F29D8 /* AppDelegate.m in Sources */,
				CD3BC39C1F480905008F29D8 /* main.m in Sources */,
			);
			runOnlyForDeploymentPostprocessing = 0;
		};
		CD3BC3AC1F480905008F29D8 /* Sources */ = {
			isa = PBXSourcesBuildPhase;
			buildActionMask = 2147483647;
			files = (
				CD3BC3C61F4866D3008F29D8 /* CounterSpecs.m in Sources */,
				CD5DB55A1F4B6EFF00486035 /* CounterViewControllerSpecs.m in Sources */,
			);
			runOnlyForDeploymentPostprocessing = 0;
		};
/* End PBXSourcesBuildPhase section */

/* Begin PBXTargetDependency section */
		CD3BC3B21F480905008F29D8 /* PBXTargetDependency */ = {
			isa = PBXTargetDependency;
			target = CD3BC3961F480905008F29D8 /* incrementor */;
			targetProxy = CD3BC3B11F480905008F29D8 /* PBXContainerItemProxy */;
		};
/* End PBXTargetDependency section */

/* Begin PBXVariantGroup section */
		CD3BC3A31F480905008F29D8 /* Main.storyboard */ = {
			isa = PBXVariantGroup;
			children = (
				CD3BC3A41F480905008F29D8 /* Base */,
			);
			name = Main.storyboard;
			path = .;
			sourceTree = "<group>";
		};
		CD7B7BD71F4C31F100A68ECE /* LaunchScreen.storyboard */ = {
			isa = PBXVariantGroup;
			children = (
				CD7B7BD81F4C31F100A68ECE /* Base */,
			);
			name = LaunchScreen.storyboard;
			path = .;
			sourceTree = "<group>";
		};
/* End PBXVariantGroup section */

/* Begin XCBuildConfiguration section */
		CD3BC3B71F480905008F29D8 /* Debug */ = {
			isa = XCBuildConfiguration;
			buildSettings = {
				ALWAYS_SEARCH_USER_PATHS = NO;
				CLANG_ANALYZER_NONNULL = YES;
				CLANG_ANALYZER_NUMBER_OBJECT_CONVERSION = YES_AGGRESSIVE;
				CLANG_CXX_LANGUAGE_STANDARD = "gnu++0x";
				CLANG_CXX_LIBRARY = "libc++";
				CLANG_ENABLE_MODULES = YES;
				CLANG_ENABLE_OBJC_ARC = YES;
				CLANG_WARN_BOOL_CONVERSION = YES;
				CLANG_WARN_CONSTANT_CONVERSION = YES;
				CLANG_WARN_DIRECT_OBJC_ISA_USAGE = YES_ERROR;
				CLANG_WARN_DOCUMENTATION_COMMENTS = YES;
				CLANG_WARN_EMPTY_BODY = YES;
				CLANG_WARN_ENUM_CONVERSION = YES;
				CLANG_WARN_INFINITE_RECURSION = YES;
				CLANG_WARN_INT_CONVERSION = YES;
				CLANG_WARN_OBJC_ROOT_CLASS = YES_ERROR;
				CLANG_WARN_SUSPICIOUS_MOVE = YES;
				CLANG_WARN_UNREACHABLE_CODE = YES;
				CLANG_WARN__DUPLICATE_METHOD_MATCH = YES;
				"CODE_SIGN_IDENTITY[sdk=iphoneos*]" = "iPhone Developer";
				COPY_PHASE_STRIP = NO;
				DEBUG_INFORMATION_FORMAT = dwarf;
				ENABLE_STRICT_OBJC_MSGSEND = YES;
				ENABLE_TESTABILITY = YES;
				GCC_C_LANGUAGE_STANDARD = gnu99;
				GCC_DYNAMIC_NO_PIC = NO;
				GCC_NO_COMMON_BLOCKS = YES;
				GCC_OPTIMIZATION_LEVEL = 0;
				GCC_PREPROCESSOR_DEFINITIONS = (
					"DEBUG=1",
					"$(inherited)",
				);
				GCC_WARN_64_TO_32_BIT_CONVERSION = YES;
				GCC_WARN_ABOUT_RETURN_TYPE = YES_ERROR;
				GCC_WARN_UNDECLARED_SELECTOR = YES;
				GCC_WARN_UNINITIALIZED_AUTOS = YES_AGGRESSIVE;
				GCC_WARN_UNUSED_FUNCTION = YES;
				GCC_WARN_UNUSED_VARIABLE = YES;
				IPHONEOS_DEPLOYMENT_TARGET = 10.3;
				MTL_ENABLE_DEBUG_INFO = YES;
				ONLY_ACTIVE_ARCH = YES;
				SDKROOT = iphoneos;
				TARGETED_DEVICE_FAMILY = "1,2";
			};
			name = Debug;
		};
		CD3BC3B81F480905008F29D8 /* Release */ = {
			isa = XCBuildConfiguration;
			buildSettings = {
				ALWAYS_SEARCH_USER_PATHS = NO;
				CLANG_ANALYZER_NONNULL = YES;
				CLANG_ANALYZER_NUMBER_OBJECT_CONVERSION = YES_AGGRESSIVE;
				CLANG_CXX_LANGUAGE_STANDARD = "gnu++0x";
				CLANG_CXX_LIBRARY = "libc++";
				CLANG_ENABLE_MODULES = YES;
				CLANG_ENABLE_OBJC_ARC = YES;
				CLANG_WARN_BOOL_CONVERSION = YES;
				CLANG_WARN_CONSTANT_CONVERSION = YES;
				CLANG_WARN_DIRECT_OBJC_ISA_USAGE = YES_ERROR;
				CLANG_WARN_DOCUMENTATION_COMMENTS = YES;
				CLANG_WARN_EMPTY_BODY = YES;
				CLANG_WARN_ENUM_CONVERSION = YES;
				CLANG_WARN_INFINITE_RECURSION = YES;
				CLANG_WARN_INT_CONVERSION = YES;
				CLANG_WARN_OBJC_ROOT_CLASS = YES_ERROR;
				CLANG_WARN_SUSPICIOUS_MOVE = YES;
				CLANG_WARN_UNREACHABLE_CODE = YES;
				CLANG_WARN__DUPLICATE_METHOD_MATCH = YES;
				"CODE_SIGN_IDENTITY[sdk=iphoneos*]" = "iPhone Developer";
				COPY_PHASE_STRIP = NO;
				DEBUG_INFORMATION_FORMAT = "dwarf-with-dsym";
				ENABLE_NS_ASSERTIONS = NO;
				ENABLE_STRICT_OBJC_MSGSEND = YES;
				GCC_C_LANGUAGE_STANDARD = gnu99;
				GCC_NO_COMMON_BLOCKS = YES;
				GCC_WARN_64_TO_32_BIT_CONVERSION = YES;
				GCC_WARN_ABOUT_RETURN_TYPE = YES_ERROR;
				GCC_WARN_UNDECLARED_SELECTOR = YES;
				GCC_WARN_UNINITIALIZED_AUTOS = YES_AGGRESSIVE;
				GCC_WARN_UNUSED_FUNCTION = YES;
				GCC_WARN_UNUSED_VARIABLE = YES;
				IPHONEOS_DEPLOYMENT_TARGET = 10.3;
				MTL_ENABLE_DEBUG_INFO = NO;
				SDKROOT = iphoneos;
				TARGETED_DEVICE_FAMILY = "1,2";
				VALIDATE_PRODUCT = YES;
			};
			name = Release;
		};
		CD3BC3BA1F480905008F29D8 /* Debug */ = {
			isa = XCBuildConfiguration;
			buildSettings = {
				ASSETCATALOG_COMPILER_APPICON_NAME = AppIcon;
				DEVELOPMENT_TEAM = SN623CU8P7;
				INFOPLIST_FILE = incrementor/Info.plist;
				IPHONEOS_DEPLOYMENT_TARGET = 9.0;
				LD_RUNPATH_SEARCH_PATHS = "$(inherited) @executable_path/Frameworks";
				PRODUCT_BUNDLE_IDENTIFIER = pro.barsislis.incrementor.incrementor;
				PRODUCT_NAME = "$(TARGET_NAME)";
			};
			name = Debug;
		};
		CD3BC3BB1F480905008F29D8 /* Release */ = {
			isa = XCBuildConfiguration;
			buildSettings = {
				ASSETCATALOG_COMPILER_APPICON_NAME = AppIcon;
				DEVELOPMENT_TEAM = SN623CU8P7;
				INFOPLIST_FILE = incrementor/Info.plist;
				IPHONEOS_DEPLOYMENT_TARGET = 9.0;
				LD_RUNPATH_SEARCH_PATHS = "$(inherited) @executable_path/Frameworks";
				PRODUCT_BUNDLE_IDENTIFIER = pro.barsislis.incrementor.incrementor;
				PRODUCT_NAME = "$(TARGET_NAME)";
			};
			name = Release;
		};
		CD3BC3BD1F480905008F29D8 /* Debug */ = {
			isa = XCBuildConfiguration;
			baseConfigurationReference = CA06E7E96D90E5BA6E468816 /* Pods-incrementorTests.debug.xcconfig */;
			buildSettings = {
				BUNDLE_LOADER = "$(TEST_HOST)";
				DEVELOPMENT_TEAM = SN623CU8P7;
				INFOPLIST_FILE = incrementorTests/Info.plist;
				LD_RUNPATH_SEARCH_PATHS = "$(inherited) @executable_path/Frameworks @loader_path/Frameworks";
				PRODUCT_BUNDLE_IDENTIFIER = pro.barsislis.incrementor.incrementorTests;
				PRODUCT_NAME = "$(TARGET_NAME)";
				TEST_HOST = "$(BUILT_PRODUCTS_DIR)/incrementor.app/incrementor";
			};
			name = Debug;
		};
		CD3BC3BE1F480905008F29D8 /* Release */ = {
			isa = XCBuildConfiguration;
			baseConfigurationReference = 5BA0ED9C8E0C5A05ED45BBF3 /* Pods-incrementorTests.release.xcconfig */;
			buildSettings = {
				BUNDLE_LOADER = "$(TEST_HOST)";
				DEVELOPMENT_TEAM = SN623CU8P7;
				INFOPLIST_FILE = incrementorTests/Info.plist;
				LD_RUNPATH_SEARCH_PATHS = "$(inherited) @executable_path/Frameworks @loader_path/Frameworks";
				PRODUCT_BUNDLE_IDENTIFIER = pro.barsislis.incrementor.incrementorTests;
				PRODUCT_NAME = "$(TARGET_NAME)";
				TEST_HOST = "$(BUILT_PRODUCTS_DIR)/incrementor.app/incrementor";
			};
			name = Release;
		};
/* End XCBuildConfiguration section */

/* Begin XCConfigurationList section */
		CD3BC3921F480904008F29D8 /* Build configuration list for PBXProject "incrementor" */ = {
			isa = XCConfigurationList;
			buildConfigurations = (
				CD3BC3B71F480905008F29D8 /* Debug */,
				CD3BC3B81F480905008F29D8 /* Release */,
			);
			defaultConfigurationIsVisible = 0;
			defaultConfigurationName = Release;
		};
		CD3BC3B91F480905008F29D8 /* Build configuration list for PBXNativeTarget "incrementor" */ = {
			isa = XCConfigurationList;
			buildConfigurations = (
				CD3BC3BA1F480905008F29D8 /* Debug */,
				CD3BC3BB1F480905008F29D8 /* Release */,
			);
			defaultConfigurationIsVisible = 0;
			defaultConfigurationName = Release;
		};
		CD3BC3BC1F480905008F29D8 /* Build configuration list for PBXNativeTarget "incrementorTests" */ = {
			isa = XCConfigurationList;
			buildConfigurations = (
				CD3BC3BD1F480905008F29D8 /* Debug */,
				CD3BC3BE1F480905008F29D8 /* Release */,
			);
			defaultConfigurationIsVisible = 0;
			defaultConfigurationName = Release;
		};
/* End XCConfigurationList section */
	};
	rootObject = CD3BC38F1F480904008F29D8 /* Project object */;
}
